
Microsoft Visual Studio Solution File, Format Version 12.00
# Visual Studio Version 16
VisualStudioVersion = 16.0.31205.134
MinimumVisualStudioVersion = 10.0.40219.1
Project("{FAE04EC0-301F-11D3-BF4B-00C04F79EFBC}") = "ControleDeCursos", "ControleDeCursos\ControleDeCursos.csproj", "{0F9FF8D5-D9A2-4AC7-BF62-BD7459A7A31E}"
EndProject
Global
	GlobalSection(SolutionConfigurationPlatforms) = preSolution
		Debug|Any CPU = Debug|Any CPU
		Release|Any CPU = Release|Any CPU
	EndGlobalSection
	GlobalSection(ProjectConfigurationPlatforms) = postSolution
		{0F9FF8D5-D9A2-4AC7-BF62-BD7459A7A31E}.Debug|Any CPU.ActiveCfg = Debug|Any CPU
		{0F9FF8D5-D9A2-4AC7-BF62-BD7459A7A31E}.Debug|Any CPU.Build.0 = Debug|Any CPU
		{0F9FF8D5-D9A2-4AC7-BF62-BD7459A7A31E}.Release|Any CPU.ActiveCfg = Release|Any CPU
		{0F9FF8D5-D9A2-4AC7-BF62-BD7459A7A31E}.Release|Any CPU.Build.0 = Release|Any CPU
	EndGlobalSection
	GlobalSection(SolutionProperties) = preSolution
		HideSolutionNode = FALSE
	EndGlobalSection
	GlobalSection(ExtensibilityGlobals) = postSolution
		SolutionGuid = {C3F401CB-7F43-4FAF-9C76-EDC85D220464}
	EndGlobalSection
EndGlobal
